# THIS IS AN AUTOGENERATED FILE. DO NOT EDIT THIS FILE DIRECTLY.
# yarn lockfile v1


event-target-shim@^3.0.2:
  version "3.0.2"
  resolved "https://registry.yarnpkg.com/event-target-shim/-/event-target-shim-3.0.2.tgz#af25bb55a97c670bbeba985c82647fb64d892153"
  integrity sha512-HK5GhnEAkm7fLy249GtF7DIuYmjLm85Ft6ssj7DhVl8Tx/z9+v0W6aiIVUdT4AXWGYy5Fc+s6gqBI49Bf0LejQ==

opus-media-recorder@^0.7.9:
  version "0.7.9"
  resolved "https://registry.yarnpkg.com/opus-media-recorder/-/opus-media-recorder-0.7.9.tgz#f7ba5e41042feb61bffda492b30a2f942a58de58"
  integrity sha512-A/Z7ur6FaDaHcZ2fIVr05l1XT7qxG23LRZngBIDgv9pHqDFtrpZp+sgbND0tsqJVm0bDKzCoD3+ltrHbxpUSuw==
  dependencies:
    event-target-shim "^3.0.2"
